// !$*UTF8*$!
{
	archiveVersion = 1;
	classes = {
	};
	objectVersion = 55;
	objects = {

/* Begin PBXBuildFile section */
		9A6CB7E928227DDF00131D8F /* AppDelegate.swift in Sources */ = {isa = PBXBuildFile; fileRef = 9A6CB7E828227DDF00131D8F /* AppDelegate.swift */; };
		9A6CB7EB28227DDF00131D8F /* SceneDelegate.swift in Sources */ = {isa = PBXBuildFile; fileRef = 9A6CB7EA28227DDF00131D8F /* SceneDelegate.swift */; };
		9A6CB7ED28227DDF00131D8F /* ViewController.swift in Sources */ = {isa = PBXBuildFile; fileRef = 9A6CB7EC28227DDF00131D8F /* ViewController.swift */; };
		9A6CB7F028227DDF00131D8F /* Main.storyboard in Resources */ = {isa = PBXBuildFile; fileRef = 9A6CB7EE28227DDF00131D8F /* Main.storyboard */; };
		9A6CB7F228227DE700131D8F /* Assets.xcassets in Resources */ = {isa = PBXBuildFile; fileRef = 9A6CB7F128227DE700131D8F /* Assets.xcassets */; };
		9A6CB7F528227DE700131D8F /* LaunchScreen.storyboard in Resources */ = {isa = PBXBuildFile; fileRef = 9A6CB7F328227DE700131D8F /* LaunchScreen.storyboard */; };
		9A6CB7FD28227FCC00131D8F /* NewsTableViewCell.swift in Sources */ = {isa = PBXBuildFile; fileRef = 9A6CB7FC28227FCC00131D8F /* NewsTableViewCell.swift */; };
		9A6CB7FF2822808E00131D8F /* NewsDetailViewController.swift in Sources */ = {isa = PBXBuildFile; fileRef = 9A6CB7FE2822808E00131D8F /* NewsDetailViewController.swift */; };
		9A6CB8012822813A00131D8F /* ArticleData.swift in Sources */ = {isa = PBXBuildFile; fileRef = 9A6CB8002822813A00131D8F /* ArticleData.swift */; };
		9A6CB8032822820300131D8F /* NewsData.swift in Sources */ = {isa = PBXBuildFile; fileRef = 9A6CB8022822820300131D8F /* NewsData.swift */; };
/* End PBXBuildFile section */

/* Begin PBXFileReference section */
		9A6CB7E528227DDF00131D8F /* 185 News.app */ = {isa = PBXFileReference; explicitFileType = wrapper.application; includeInIndex = 0; path = "185 News.app"; sourceTree = BUILT_PRODUCTS_DIR; };
		9A6CB7E828227DDF00131D8F /* AppDelegate.swift */ = {isa = PBXFileReference; lastKnownFileType = sourcecode.swift; path = AppDelegate.swift; sourceTree = "<group>"; };
		9A6CB7EA28227DDF00131D8F /* SceneDelegate.swift */ = {isa = PBXFileReference; lastKnownFileType = sourcecode.swift; path = SceneDelegate.swift; sourceTree = "<group>"; };
		9A6CB7EC28227DDF00131D8F /* ViewController.swift */ = {isa = PBXFileReference; lastKnownFileType = sourcecode.swift; path = ViewController.swift; sourceTree = "<group>"; };
		9A6CB7EF28227DDF00131D8F /* Base */ = {isa = PBXFileReference; lastKnownFileType = file.storyboard; name = Base; path = Base.lproj/Main.storyboard; sourceTree = "<group>"; };
		9A6CB7F128227DE700131D8F /* Assets.xcassets */ = {isa = PBXFileReference; lastKnownFileType = folder.assetcatalog; path = Assets.xcassets; sourceTree = "<group>"; };
		9A6CB7F428227DE700131D8F /* Base */ = {isa = PBXFileReference; lastKnownFileType = file.storyboard; name = Base; path = Base.lproj/LaunchScreen.storyboard; sourceTree = "<group>"; };
		9A6CB7F628227DE700131D8F /* Info.plist */ = {isa = PBXFileReference; lastKnownFileType = text.plist.xml; path = Info.plist; sourceTree = "<group>"; };
		9A6CB7FC28227FCC00131D8F /* NewsTableViewCell.swift */ = {isa = PBXFileReference; lastKnownFileType = sourcecode.swift; path = NewsTableViewCell.swift; sourceTree = "<group>"; };
		9A6CB7FE2822808E00131D8F /* NewsDetailViewController.swift */ = {isa = PBXFileReference; lastKnownFileType = sourcecode.swift; path = NewsDetailViewController.swift; sourceTree = "<group>"; };
		9A6CB8002822813A00131D8F /* ArticleData.swift */ = {isa = PBXFileReference; lastKnownFileType = sourcecode.swift; path = ArticleData.swift; sourceTree = "<group>"; };
		9A6CB8022822820300131D8F /* NewsData.swift */ = {isa = PBXFileReference; lastKnownFileType = sourcecode.swift; path = NewsData.swift; sourceTree = "<group>"; };
/* End PBXFileReference section */

/* Begin PBXFrameworksBuildPhase section */
		9A6CB7E228227DDF00131D8F /* Frameworks */ = {
			isa = PBXFrameworksBuildPhase;
			buildActionMask = 2147483647;
			files = (
			);
			runOnlyForDeploymentPostprocessing = 0;
		};
/* End PBXFrameworksBuildPhase section */

/* Begin PBXGroup section */
		9A6CB7DC28227DDF00131D8F = {
			isa = PBXGroup;
			children = (
				9A6CB7E728227DDF00131D8F /* 185 News */,
				9A6CB7E628227DDF00131D8F /* Products */,
			);
			sourceTree = "<group>";
		};
		9A6CB7E628227DDF00131D8F /* Products */ = {
			isa = PBXGroup;
			children = (
				9A6CB7E528227DDF00131D8F /* 185 News.app */,
			);
			name = Products;
			sourceTree = "<group>";
		};
		9A6CB7E728227DDF00131D8F /* 185 News */ = {
			isa = PBXGroup;
			children = (
				9A6CB7E828227DDF00131D8F /* AppDelegate.swift */,
				9A6CB8022822820300131D8F /* NewsData.swift */,
				9A6CB8002822813A00131D8F /* ArticleData.swift */,
				9A6CB7EA28227DDF00131D8F /* SceneDelegate.swift */,
				9A6CB7FC28227FCC00131D8F /* NewsTableViewCell.swift */,
				9A6CB7FE2822808E00131D8F /* NewsDetailViewController.swift */,
				9A6CB7EC28227DDF00131D8F /* ViewController.swift */,
				9A6CB7EE28227DDF00131D8F /* Main.storyboard */,
				9A6CB7F128227DE700131D8F /* Assets.xcassets */,
				9A6CB7F328227DE700131D8F /* LaunchScreen.storyboard */,
				9A6CB7F628227DE700131D8F /* Info.plist */,
			);
			path = "185 News";
			sourceTree = "<group>";
		};
/* End PBXGroup section */

/* Begin PBXNativeTarget section */
		9A6CB7E428227DDF00131D8F /* 185 News */ = {
			isa = PBXNativeTarget;
			buildConfigurationList = 9A6CB7F928227DE700131D8F /* Build configuration list for PBXNativeTarget "185 News" */;
			buildPhases = (
				9A6CB7E128227DDF00131D8F /* Sources */,
				9A6CB7E228227DDF00131D8F /* Frameworks */,
				9A6CB7E328227DDF00131D8F /* Resources */,
			);
			buildRules = (
			);
			dependencies = (
			);
			name = "185 News";
			productName = "185 News";
			productReference = 9A6CB7E528227DDF00131D8F /* 185 News.app */;
			productType = "com.apple.product-type.application";
		};
/* End PBXNativeTarget section */

/* Begin PBXProject section */
		9A6CB7DD28227DDF00131D8F /* Project object */ = {
			isa = PBXProject;
			attributes = {
				BuildIndependentTargetsInParallel = 1;
				LastSwiftUpdateCheck = 1320;
				LastUpgradeCheck = 1320;
				TargetAttributes = {
					9A6CB7E428227DDF00131D8F = {
						CreatedOnToolsVersion = 13.2.1;
					};
				};
			};
			buildConfigurationList = 9A6CB7E028227DDF00131D8F /* Build configuration list for PBXProject "185 News" */;
			compatibilityVersion = "Xcode 13.0";
			developmentRegion = en;
			hasScannedForEncodings = 0;
			knownRegions = (
				en,
				Base,
			);
			mainGroup = 9A6CB7DC28227DDF00131D8F;
			productRefGroup = 9A6CB7E628227DDF00131D8F /* Products */;
			projectDirPath = "";
			projectRoot = "";
			targets = (
				9A6CB7E428227DDF00131D8F /* 185 News */,
			);
		};
/* End PBXProject section */

/* Begin PBXResourcesBuildPhase section */
		9A6CB7E328227DDF00131D8F /* Resources */ = {
			isa = PBXResourcesBuildPhase;
			buildActionMask = 2147483647;
			files = (
				9A6CB7F528227DE700131D8F /* LaunchScreen.storyboard in Resources */,
				9A6CB7F228227DE700131D8F /* Assets.xcassets in Resources */,
				9A6CB7F028227DDF00131D8F /* Main.storyboard in Resources */,
			);
			runOnlyForDeploymentPostprocessing = 0;
		};
/* End PBXResourcesBuildPhase section */

/* Begin PBXSourcesBuildPhase section */
		9A6CB7E128227DDF00131D8F /* Sources */ = {
			isa = PBXSourcesBuildPhase;
			buildActionMask = 2147483647;
			files = (
				9A6CB7ED28227DDF00131D8F /* ViewController.swift in Sources */,
				9A6CB7E928227DDF00131D8F /* AppDelegate.swift in Sources */,
				9A6CB7FD28227FCC00131D8F /* NewsTableViewCell.swift in Sources */,
				9A6CB7EB28227DDF00131D8F /* SceneDelegate.swift in Sources */,
				9A6CB8012822813A00131D8F /* ArticleData.swift in Sources */,
				9A6CB7FF2822808E00131D8F /* NewsDetailViewController.swift in Sources */,
				9A6CB8032822820300131D8F /* NewsData.swift in Sources */,
			);
			runOnlyForDeploymentPostprocessing = 0;
		};
/* End PBXSourcesBuildPhase section */

/* Begin PBXVariantGroup section */
		9A6CB7EE28227DDF00131D8F /* Main.storyboard */ = {
			isa = PBXVariantGroup;
			children = (
				9A6CB7EF28227DDF00131D8F /* Base */,
			);
			name = Main.storyboard;
			sourceTree = "<group>";
		};
		9A6CB7F328227DE700131D8F /* LaunchScreen.storyboard */ = {
			isa = PBXVariantGroup;
			children = (
				9A6CB7F428227DE700131D8F /* Base */,
			);
			name = LaunchScreen.storyboard;
			sourceTree = "<group>";
		};
/* End PBXVariantGroup section */

/* Begin XCBuildConfiguration section */
		9A6CB7F728227DE700131D8F /* Debug */ = {
			isa = XCBuildConfiguration;
			buildSettings = {
				ALWAYS_SEARCH_USER_PATHS = NO;
				CLANG_ANALYZER_NONNULL = YES;
				CLANG_ANALYZER_NUMBER_OBJECT_CONVERSION = YES_AGGRESSIVE;
				CLANG_CXX_LANGUAGE_STANDARD = "gnu++17";
				CLANG_CXX_LIBRARY = "libc++";
				CLANG_ENABLE_MODULES = YES;
				CLANG_ENABLE_OBJC_ARC = YES;
				CLANG_ENABLE_OBJC_WEAK = YES;
				CLANG_WARN_BLOCK_CAPTURE_AUTORELEASING = YES;
				CLANG_WARN_BOOL_CONVERSION = YES;
				CLANG_WARN_COMMA = YES;
				CLANG_WARN_CONSTANT_CONVERSION = YES;
				CLANG_WARN_DEPRECATED_OBJC_IMPLEMENTATIONS = YES;
				CLANG_WARN_DIRECT_OBJC_ISA_USAGE = YES_ERROR;
				CLANG_WARN_DOCUMENTATION_COMMENTS = YES;
				CLANG_WARN_EMPTY_BODY = YES;
				CLANG_WARN_ENUM_CONVERSION = YES;
				CLANG_WARN_INFINITE_RECURSION = YES;
				CLANG_WARN_INT_CONVERSION = YES;
				CLANG_WARN_NON_LITERAL_NULL_CONVERSION = YES;
				CLANG_WARN_OBJC_IMPLICIT_RETAIN_SELF = YES;
				CLANG_WARN_OBJC_LITERAL_CONVERSION = YES;
				CLANG_WARN_OBJC_ROOT_CLASS = YES_ERROR;
				CLANG_WARN_QUOTED_INCLUDE_IN_FRAMEWORK_HEADER = YES;
				CLANG_WARN_RANGE_LOOP_ANALYSIS = YES;
				CLANG_WARN_STRICT_PROTOTYPES = YES;
				CLANG_WARN_SUSPICIOUS_MOVE = YES;
				CLANG_WARN_UNGUARDED_AVAILABILITY = YES_AGGRESSIVE;
				CLANG_WARN_UNREACHABLE_CODE = YES;
				CLANG_WARN__DUPLICATE_METHOD_MATCH = YES;
				COPY_PHASE_STRIP = NO;
				DEBUG_INFORMATION_FORMAT = dwarf;
				ENABLE_STRICT_OBJC_MSGSEND = YES;
				ENABLE_TESTABILITY = YES;
				GCC_C_LANGUAGE_STANDARD = gnu11;
				GCC_DYNAMIC_NO_PIC = NO;
				GCC_NO_COMMON_BLOCKS = YES;
				GCC_OPTIMIZATION_LEVEL = 0;
				GCC_PREPROCESSOR_DEFINITIONS = (
					"DEBUG=1",
					"$(inherited)",
				);
				GCC_WARN_64_TO_32_BIT_CONVERSION = YES;
				GCC_WARN_ABOUT_RETURN_TYPE = YES_ERROR;
				GCC_WARN_UNDECLARED_SELECTOR = YES;
				GCC_WARN_UNINITIALIZED_AUTOS = YES_AGGRESSIVE;
				GCC_WARN_UNUSED_FUNCTION = YES;
				GCC_WARN_UNUSED_VARIABLE = YES;
				IPHONEOS_DEPLOYMENT_TARGET = 15.2;
				MTL_ENABLE_DEBUG_INFO = INCLUDE_SOURCE;
				MTL_FAST_MATH = YES;
				ONLY_ACTIVE_ARCH = YES;
				SDKROOT = iphoneos;
				SWIFT_ACTIVE_COMPILATION_CONDITIONS = DEBUG;
				SWIFT_OPTIMIZATION_LEVEL = "-Onone";
			};
			name = Debug;
		};
		9A6CB7F828227DE700131D8F /* Release */ = {
			isa = XCBuildConfiguration;
			buildSettings = {
				ALWAYS_SEARCH_USER_PATHS = NO;
				CLANG_ANALYZER_NONNULL = YES;
				CLANG_ANALYZER_NUMBER_OBJECT_CONVERSION = YES_AGGRESSIVE;
				CLANG_CXX_LANGUAGE_STANDARD = "gnu++17";
				CLANG_CXX_LIBRARY = "libc++";
				CLANG_ENABLE_MODULES = YES;
				CLANG_ENABLE_OBJC_ARC = YES;
				CLANG_ENABLE_OBJC_WEAK = YES;
				CLANG_WARN_BLOCK_CAPTURE_AUTORELEASING = YES;
				CLANG_WARN_BOOL_CONVERSION = YES;
				CLANG_WARN_COMMA = YES;
				CLANG_WARN_CONSTANT_CONVERSION = YES;
				CLANG_WARN_DEPRECATED_OBJC_IMPLEMENTATIONS = YES;
				CLANG_WARN_DIRECT_OBJC_ISA_USAGE = YES_ERROR;
				CLANG_WARN_DOCUMENTATION_COMMENTS = YES;
				CLANG_WARN_EMPTY_BODY = YES;
				CLANG_WARN_ENUM_CONVERSION = YES;
				CLANG_WARN_INFINITE_RECURSION = YES;
				CLANG_WARN_INT_CONVERSION = YES;
				CLANG_WARN_NON_LITERAL_NULL_CONVERSION = YES;
				CLANG_WARN_OBJC_IMPLICIT_RETAIN_SELF = YES;
				CLANG_WARN_OBJC_LITERAL_CONVERSION = YES;
				CLANG_WARN_OBJC_ROOT_CLASS = YES_ERROR;
				CLANG_WARN_QUOTED_INCLUDE_IN_FRAMEWORK_HEADER = YES;
				CLANG_WARN_RANGE_LOOP_ANALYSIS = YES;
				CLANG_WARN_STRICT_PROTOTYPES = YES;
				CLANG_WARN_SUSPICIOUS_MOVE = YES;
				CLANG_WARN_UNGUARDED_AVAILABILITY = YES_AGGRESSIVE;
				CLANG_WARN_UNREACHABLE_CODE = YES;
				CLANG_WARN__DUPLICATE_METHOD_MATCH = YES;
				COPY_PHASE_STRIP = NO;
				DEBUG_INFORMATION_FORMAT = "dwarf-with-dsym";
				ENABLE_NS_ASSERTIONS = NO;
				ENABLE_STRICT_OBJC_MSGSEND = YES;
				GCC_C_LANGUAGE_STANDARD = gnu11;
				GCC_NO_COMMON_BLOCKS = YES;
				GCC_WARN_64_TO_32_BIT_CONVERSION = YES;
				GCC_WARN_ABOUT_RETURN_TYPE = YES_ERROR;
				GCC_WARN_UNDECLARED_SELECTOR = YES;
				GCC_WARN_UNINITIALIZED_AUTOS = YES_AGGRESSIVE;
				GCC_WARN_UNUSED_FUNCTION = YES;
				GCC_WARN_UNUSED_VARIABLE = YES;
				IPHONEOS_DEPLOYMENT_TARGET = 15.2;
				MTL_ENABLE_DEBUG_INFO = NO;
				MTL_FAST_MATH = YES;
				SDKROOT = iphoneos;
				SWIFT_COMPILATION_MODE = wholemodule;
				SWIFT_OPTIMIZATION_LEVEL = "-O";
				VALIDATE_PRODUCT = YES;
			};
			name = Release;
		};
		9A6CB7FA28227DE700131D8F /* Debug */ = {
			isa = XCBuildConfiguration;
			buildSettings = {
				ASSETCATALOG_COMPILER_APPICON_NAME = AppIcon;
				ASSETCATALOG_COMPILER_GLOBAL_ACCENT_COLOR_NAME = AccentColor;
				CODE_SIGN_STYLE = Automatic;
				CURRENT_PROJECT_VERSION = 1;
				DEVELOPMENT_TEAM = V3J4FW3DD7;
				GENERATE_INFOPLIST_FILE = YES;
				INFOPLIST_FILE = "185 News/Info.plist";
				INFOPLIST_KEY_UIApplicationSupportsIndirectInputEvents = YES;
				INFOPLIST_KEY_UILaunchStoryboardName = LaunchScreen;
				INFOPLIST_KEY_UIMainStoryboardFile = Main;
				INFOPLIST_KEY_UISupportedInterfaceOrientations_iPad = "UIInterfaceOrientationPortrait UIInterfaceOrientationPortraitUpsideDown UIInterfaceOrientationLandscapeLeft UIInterfaceOrientationLandscapeRight";
				INFOPLIST_KEY_UISupportedInterfaceOrientations_iPhone = "UIInterfaceOrientationPortrait UIInterfaceOrientationLandscapeLeft UIInterfaceOrientationLandscapeRight";
				LD_RUNPATH_SEARCH_PATHS = (
					"$(inherited)",
					"@executable_path/Frameworks",
				);
				MARKETING_VERSION = 1.0;
				PRODUCT_BUNDLE_IDENTIFIER = "com.vivek.neotech.-85-News";
				PRODUCT_NAME = "$(TARGET_NAME)";
				SWIFT_EMIT_LOC_STRINGS = YES;
				SWIFT_VERSION = 5.0;
				TARGETED_DEVICE_FAMILY = "1,2";
			};
			name = Debug;
		};
		9A6CB7FB28227DE700131D8F /* Release */ = {
			isa = XCBuildConfiguration;
			buildSettings = {
				ASSETCATALOG_COMPILER_APPICON_NAME = AppIcon;
				ASSETCATALOG_COMPILER_GLOBAL_ACCENT_COLOR_NAME = AccentColor;
				CODE_SIGN_STYLE = Automatic;
				CURRENT_PROJECT_VERSION = 1;
				DEVELOPMENT_TEAM = V3J4FW3DD7;
				GENERATE_INFOPLIST_FILE = YES;
				INFOPLIST_FILE = "185 News/Info.plist";
				INFOPLIST_KEY_UIApplicationSupportsIndirectInputEvents = YES;
				INFOPLIST_KEY_UILaunchStoryboardName = LaunchScreen;
				INFOPLIST_KEY_UIMainStoryboardFile = Main;
				INFOPLIST_KEY_UISupportedInterfaceOrientations_iPad = "UIInterfaceOrientationPortrait UIInterfaceOrientationPortraitUpsideDown UIInterfaceOrientationLandscapeLeft UIInterfaceOrientationLandscapeRight";
				INFOPLIST_KEY_UISupportedInterfaceOrientations_iPhone = "UIInterfaceOrientationPortrait UIInterfaceOrientationLandscapeLeft UIInterfaceOrientationLandscapeRight";
				LD_RUNPATH_SEARCH_PATHS = (
					"$(inherited)",
					"@executable_path/Frameworks",
				);
				MARKETING_VERSION = 1.0;
				PRODUCT_BUNDLE_IDENTIFIER = "com.vivek.neotech.-85-News";
				PRODUCT_NAME = "$(TARGET_NAME)";
				SWIFT_EMIT_LOC_STRINGS = YES;
				SWIFT_VERSION = 5.0;
				TARGETED_DEVICE_FAMILY = "1,2";
			};
			name = Release;
		};
/* End XCBuildConfiguration section */

/* Begin XCConfigurationList section */
		9A6CB7E028227DDF00131D8F /* Build configuration list for PBXProject "185 News" */ = {
			isa = XCConfigurationList;
			buildConfigurations = (
				9A6CB7F728227DE700131D8F /* Debug */,
				9A6CB7F828227DE700131D8F /* Release */,
			);
			defaultConfigurationIsVisible = 0;
			defaultConfigurationName = Release;
		};
		9A6CB7F928227DE700131D8F /* Build configuration list for PBXNativeTarget "185 News" */ = {
			isa = XCConfigurationList;
			buildConfigurations = (
				9A6CB7FA28227DE700131D8F /* Debug */,
				9A6CB7FB28227DE700131D8F /* Release */,
			);
			defaultConfigurationIsVisible = 0;
			defaultConfigurationName = Release;
		};
/* End XCConfigurationList section */
	};
	rootObject = 9A6CB7DD28227DDF00131D8F /* Project object */;
}
